
Microsoft Visual Studio Solution File, Format Version 12.00
# Visual Studio Version 17
VisualStudioVersion = 17.10.34916.146
MinimumVisualStudioVersion = 10.0.40219.1
Project("{9A19103F-16F7-4668-BE54-9A1E7A4F7556}") = "MultiProj", "MultiProj.csproj", "{04AD39EE-062F-4D0D-9ECF-4BC38E3411CB}"
EndProject
Project("{9A19103F-16F7-4668-BE54-9A1E7A4F7556}") = "AppRazorImplementation", "..\AppRazorImplementation\AppRazorImplementation.csproj", "{36D8F8C6-C580-4C2E-B534-3410AC10A1FC}"
EndProject
Project("{FAE04EC0-301F-11D3-BF4B-00C04F79EFBC}") = "multiproj.Utility", "..\multiproj.Utility\multiproj.Utility.csproj", "{2E02FC3A-B12E-4B2A-9E03-5B296ABF419A}"
EndProject
Project("{FAE04EC0-301F-11D3-BF4B-00C04F79EFBC}") = "multiproj.Models", "..\multiproj.Models\multiproj.Models.csproj", "{F96B9B90-344C-4C90-954F-A7096F589C9D}"
EndProject
Project("{FAE04EC0-301F-11D3-BF4B-00C04F79EFBC}") = "multiproj.DataAccess", "..\multiproj.DataAccess\multiproj.DataAccess.csproj", "{893AD2B8-5BA7-480D-98ED-0D414C68B61E}"
EndProject
Global
	GlobalSection(SolutionConfigurationPlatforms) = preSolution
		Debug|Any CPU = Debug|Any CPU
		Release|Any CPU = Release|Any CPU
	EndGlobalSection
	GlobalSection(ProjectConfigurationPlatforms) = postSolution
		{04AD39EE-062F-4D0D-9ECF-4BC38E3411CB}.Debug|Any CPU.ActiveCfg = Debug|Any CPU
		{04AD39EE-062F-4D0D-9ECF-4BC38E3411CB}.Debug|Any CPU.Build.0 = Debug|Any CPU
		{04AD39EE-062F-4D0D-9ECF-4BC38E3411CB}.Release|Any CPU.ActiveCfg = Release|Any CPU
		{04AD39EE-062F-4D0D-9ECF-4BC38E3411CB}.Release|Any CPU.Build.0 = Release|Any CPU
		{36D8F8C6-C580-4C2E-B534-3410AC10A1FC}.Debug|Any CPU.ActiveCfg = Debug|Any CPU
		{36D8F8C6-C580-4C2E-B534-3410AC10A1FC}.Debug|Any CPU.Build.0 = Debug|Any CPU
		{36D8F8C6-C580-4C2E-B534-3410AC10A1FC}.Release|Any CPU.ActiveCfg = Release|Any CPU
		{36D8F8C6-C580-4C2E-B534-3410AC10A1FC}.Release|Any CPU.Build.0 = Release|Any CPU
		{2E02FC3A-B12E-4B2A-9E03-5B296ABF419A}.Debug|Any CPU.ActiveCfg = Debug|Any CPU
		{2E02FC3A-B12E-4B2A-9E03-5B296ABF419A}.Debug|Any CPU.Build.0 = Debug|Any CPU
		{2E02FC3A-B12E-4B2A-9E03-5B296ABF419A}.Release|Any CPU.ActiveCfg = Release|Any CPU
		{2E02FC3A-B12E-4B2A-9E03-5B296ABF419A}.Release|Any CPU.Build.0 = Release|Any CPU
		{F96B9B90-344C-4C90-954F-A7096F589C9D}.Debug|Any CPU.ActiveCfg = Debug|Any CPU
		{F96B9B90-344C-4C90-954F-A7096F589C9D}.Debug|Any CPU.Build.0 = Debug|Any CPU
		{F96B9B90-344C-4C90-954F-A7096F589C9D}.Release|Any CPU.ActiveCfg = Release|Any CPU
		{F96B9B90-344C-4C90-954F-A7096F589C9D}.Release|Any CPU.Build.0 = Release|Any CPU
		{893AD2B8-5BA7-480D-98ED-0D414C68B61E}.Debug|Any CPU.ActiveCfg = Debug|Any CPU
		{893AD2B8-5BA7-480D-98ED-0D414C68B61E}.Debug|Any CPU.Build.0 = Debug|Any CPU
		{893AD2B8-5BA7-480D-98ED-0D414C68B61E}.Release|Any CPU.ActiveCfg = Release|Any CPU
		{893AD2B8-5BA7-480D-98ED-0D414C68B61E}.Release|Any CPU.Build.0 = Release|Any CPU
	EndGlobalSection
	GlobalSection(SolutionProperties) = preSolution
		HideSolutionNode = FALSE
	EndGlobalSection
	GlobalSection(ExtensibilityGlobals) = postSolution
		SolutionGuid = {BDF69D28-EB16-4003-88F9-73FD2DD0C84A}
	EndGlobalSection
EndGlobal
